
Microsoft Visual Studio Solution File, Format Version 12.00
# Visual Studio 15
VisualStudioVersion = 15.0.27130.2026
MinimumVisualStudioVersion = 10.0.40219.1
Project("{FAE04EC0-301F-11D3-BF4B-00C04F79EFBC}") = "Apontamento", "Apontamento\Apontamento.csproj", "{2056D27A-F4EA-4A29-9323-00E5DB1EA839}"
EndProject
Global
	GlobalSection(SolutionConfigurationPlatforms) = preSolution
		Debug|Any CPU = Debug|Any CPU
		Release|Any CPU = Release|Any CPU
	EndGlobalSection
	GlobalSection(ProjectConfigurationPlatforms) = postSolution
		{2056D27A-F4EA-4A29-9323-00E5DB1EA839}.Debug|Any CPU.ActiveCfg = Debug|Any CPU
		{2056D27A-F4EA-4A29-9323-00E5DB1EA839}.Debug|Any CPU.Build.0 = Debug|Any CPU
		{2056D27A-F4EA-4A29-9323-00E5DB1EA839}.Debug|Any CPU.Deploy.0 = Debug|Any CPU
		{2056D27A-F4EA-4A29-9323-00E5DB1EA839}.Release|Any CPU.ActiveCfg = Release|Any CPU
		{2056D27A-F4EA-4A29-9323-00E5DB1EA839}.Release|Any CPU.Build.0 = Release|Any CPU
		{2056D27A-F4EA-4A29-9323-00E5DB1EA839}.Release|Any CPU.Deploy.0 = Release|Any CPU
	EndGlobalSection
	GlobalSection(SolutionProperties) = preSolution
		HideSolutionNode = FALSE
	EndGlobalSection
	GlobalSection(ExtensibilityGlobals) = postSolution
		SolutionGuid = {2FB80D52-A894-4BE0-A8CF-A5AD61CF6219}
	EndGlobalSection
EndGlobal
